
Microsoft Visual Studio Solution File, Format Version 12.00
Project("{FAE04EC0-301F-11D3-BF4B-00C04F79EFBC}") = "eVendas.Warehouse", "eVendas.Warehouse\eVendas.Warehouse.csproj", "{78538114-A585-4F0E-A729-96C02E2852B4}"
EndProject
Project("{FAE04EC0-301F-11D3-BF4B-00C04F79EFBC}") = "eVendas.Sales", "eVendas.Sales\eVendas.Sales.csproj", "{9E22E612-D2AA-49EC-9362-4FCE7AACBEE3}"
EndProject
Project("{FAE04EC0-301F-11D3-BF4B-00C04F79EFBC}") = "eVendas.SaleTest", "eVendas.SaleTest\eVendas.SaleTest.csproj", "{25E82950-46B7-4552-A0F0-79367C49BABF}"
EndProject
Project("{FAE04EC0-301F-11D3-BF4B-00C04F79EFBC}") = "eVendas.WarehouseTest", "eVendas.WarehouseTest\eVendas.WarehouseTest.csproj", "{007070F1-B0EC-474C-AE24-F037B09566C1}"
EndProject
Global
	GlobalSection(SolutionConfigurationPlatforms) = preSolution
		Debug|Any CPU = Debug|Any CPU
		Release|Any CPU = Release|Any CPU
	EndGlobalSection
	GlobalSection(ProjectConfigurationPlatforms) = postSolution
		{78538114-A585-4F0E-A729-96C02E2852B4}.Debug|Any CPU.ActiveCfg = Debug|Any CPU
		{78538114-A585-4F0E-A729-96C02E2852B4}.Debug|Any CPU.Build.0 = Debug|Any CPU
		{78538114-A585-4F0E-A729-96C02E2852B4}.Release|Any CPU.ActiveCfg = Release|Any CPU
		{78538114-A585-4F0E-A729-96C02E2852B4}.Release|Any CPU.Build.0 = Release|Any CPU
		{9E22E612-D2AA-49EC-9362-4FCE7AACBEE3}.Debug|Any CPU.ActiveCfg = Debug|Any CPU
		{9E22E612-D2AA-49EC-9362-4FCE7AACBEE3}.Debug|Any CPU.Build.0 = Debug|Any CPU
		{9E22E612-D2AA-49EC-9362-4FCE7AACBEE3}.Release|Any CPU.ActiveCfg = Release|Any CPU
		{9E22E612-D2AA-49EC-9362-4FCE7AACBEE3}.Release|Any CPU.Build.0 = Release|Any CPU
		{25E82950-46B7-4552-A0F0-79367C49BABF}.Debug|Any CPU.ActiveCfg = Debug|Any CPU
		{25E82950-46B7-4552-A0F0-79367C49BABF}.Debug|Any CPU.Build.0 = Debug|Any CPU
		{25E82950-46B7-4552-A0F0-79367C49BABF}.Release|Any CPU.ActiveCfg = Release|Any CPU
		{25E82950-46B7-4552-A0F0-79367C49BABF}.Release|Any CPU.Build.0 = Release|Any CPU
		{007070F1-B0EC-474C-AE24-F037B09566C1}.Debug|Any CPU.ActiveCfg = Debug|Any CPU
		{007070F1-B0EC-474C-AE24-F037B09566C1}.Debug|Any CPU.Build.0 = Debug|Any CPU
		{007070F1-B0EC-474C-AE24-F037B09566C1}.Release|Any CPU.ActiveCfg = Release|Any CPU
		{007070F1-B0EC-474C-AE24-F037B09566C1}.Release|Any CPU.Build.0 = Release|Any CPU
	EndGlobalSection
EndGlobal
